
Microsoft Visual Studio Solution File, Format Version 12.00
# Visual Studio Version 16
VisualStudioVersion = 16.0.31729.503
MinimumVisualStudioVersion = 10.0.40219.1
Project("{FAE04EC0-301F-11D3-BF4B-00C04F79EFBC}") = "APIproject", "APIproject.csproj", "{55920763-8879-49BC-8A14-D7FF4A898F0A}"
EndProject
Global
	GlobalSection(SolutionConfigurationPlatforms) = preSolution
		Debug|Any CPU = Debug|Any CPU
		Release|Any CPU = Release|Any CPU
	EndGlobalSection
	GlobalSection(ProjectConfigurationPlatforms) = postSolution
		{55920763-8879-49BC-8A14-D7FF4A898F0A}.Debug|Any CPU.ActiveCfg = Debug|Any CPU
		{55920763-8879-49BC-8A14-D7FF4A898F0A}.Debug|Any CPU.Build.0 = Debug|Any CPU
		{55920763-8879-49BC-8A14-D7FF4A898F0A}.Release|Any CPU.ActiveCfg = Release|Any CPU
		{55920763-8879-49BC-8A14-D7FF4A898F0A}.Release|Any CPU.Build.0 = Release|Any CPU
	EndGlobalSection
	GlobalSection(SolutionProperties) = preSolution
		HideSolutionNode = FALSE
	EndGlobalSection
	GlobalSection(ExtensibilityGlobals) = postSolution
		SolutionGuid = {4ADD6D59-3D1F-4F89-AFD4-5B6F8163713D}
	EndGlobalSection
EndGlobal
