
Microsoft Visual Studio Solution File, Format Version 12.00
# Visual Studio Version 16
VisualStudioVersion = 16.0.31729.503
MinimumVisualStudioVersion = 10.0.40219.1
Project("{00D1A9C2-B5F0-4AF3-8072-F6C62B433612}") = "Tehtava10 konservatorio", "Tehtava10 konservatorio.sqlproj", "{D027D022-6ED2-43A6-88E1-167BD1D52E29}"
EndProject
Global
	GlobalSection(SolutionConfigurationPlatforms) = preSolution
		Debug|Any CPU = Debug|Any CPU
		Release|Any CPU = Release|Any CPU
	EndGlobalSection
	GlobalSection(ProjectConfigurationPlatforms) = postSolution
		{D027D022-6ED2-43A6-88E1-167BD1D52E29}.Debug|Any CPU.ActiveCfg = Debug|Any CPU
		{D027D022-6ED2-43A6-88E1-167BD1D52E29}.Debug|Any CPU.Build.0 = Debug|Any CPU
		{D027D022-6ED2-43A6-88E1-167BD1D52E29}.Debug|Any CPU.Deploy.0 = Debug|Any CPU
		{D027D022-6ED2-43A6-88E1-167BD1D52E29}.Release|Any CPU.ActiveCfg = Release|Any CPU
		{D027D022-6ED2-43A6-88E1-167BD1D52E29}.Release|Any CPU.Build.0 = Release|Any CPU
		{D027D022-6ED2-43A6-88E1-167BD1D52E29}.Release|Any CPU.Deploy.0 = Release|Any CPU
	EndGlobalSection
	GlobalSection(SolutionProperties) = preSolution
		HideSolutionNode = FALSE
	EndGlobalSection
	GlobalSection(ExtensibilityGlobals) = postSolution
		SolutionGuid = {C730A1A5-AD2F-40FD-967C-FA3073D12CCC}
	EndGlobalSection
EndGlobal
