
Microsoft Visual Studio Solution File, Format Version 12.00
# Visual Studio Version 16
VisualStudioVersion = 16.0.31729.503
MinimumVisualStudioVersion = 10.0.40219.1
Project("{FAE04EC0-301F-11D3-BF4B-00C04F79EFBC}") = "Tehtava3 Tietokannan luonti ja hallinta", "Tehtava3 Tietokannan luonti ja hallinta.csproj", "{113BE0CB-8EAE-4935-83ED-76A415730527}"
EndProject
Global
	GlobalSection(SolutionConfigurationPlatforms) = preSolution
		Debug|Any CPU = Debug|Any CPU
		Release|Any CPU = Release|Any CPU
	EndGlobalSection
	GlobalSection(ProjectConfigurationPlatforms) = postSolution
		{113BE0CB-8EAE-4935-83ED-76A415730527}.Debug|Any CPU.ActiveCfg = Debug|Any CPU
		{113BE0CB-8EAE-4935-83ED-76A415730527}.Debug|Any CPU.Build.0 = Debug|Any CPU
		{113BE0CB-8EAE-4935-83ED-76A415730527}.Release|Any CPU.ActiveCfg = Release|Any CPU
		{113BE0CB-8EAE-4935-83ED-76A415730527}.Release|Any CPU.Build.0 = Release|Any CPU
	EndGlobalSection
	GlobalSection(SolutionProperties) = preSolution
		HideSolutionNode = FALSE
	EndGlobalSection
	GlobalSection(ExtensibilityGlobals) = postSolution
		SolutionGuid = {889175E6-563B-4A1B-9390-B28624DA116F}
	EndGlobalSection
EndGlobal
